
Microsoft Visual Studio Solution File, Format Version 12.00
# Visual Studio Version 17
VisualStudioVersion = 17.6.33723.286
MinimumVisualStudioVersion = 10.0.40219.1
Project("{FAE04EC0-301F-11D3-BF4B-00C04F79EFBC}") = "Teste_Selenium", "Teste_Selenium\Teste_Selenium.csproj", "{B0B1CF9A-FD65-47A0-B437-FFA4B8FE8DE3}"
EndProject
Global
	GlobalSection(SolutionConfigurationPlatforms) = preSolution
		Debug|Any CPU = Debug|Any CPU
		Release|Any CPU = Release|Any CPU
	EndGlobalSection
	GlobalSection(ProjectConfigurationPlatforms) = postSolution
		{B0B1CF9A-FD65-47A0-B437-FFA4B8FE8DE3}.Debug|Any CPU.ActiveCfg = Debug|Any CPU
		{B0B1CF9A-FD65-47A0-B437-FFA4B8FE8DE3}.Debug|Any CPU.Build.0 = Debug|Any CPU
		{B0B1CF9A-FD65-47A0-B437-FFA4B8FE8DE3}.Release|Any CPU.ActiveCfg = Release|Any CPU
		{B0B1CF9A-FD65-47A0-B437-FFA4B8FE8DE3}.Release|Any CPU.Build.0 = Release|Any CPU
	EndGlobalSection
	GlobalSection(SolutionProperties) = preSolution
		HideSolutionNode = FALSE
	EndGlobalSection
	GlobalSection(ExtensibilityGlobals) = postSolution
		SolutionGuid = {8D09A599-98B4-49AA-946D-F23A774113B2}
	EndGlobalSection
EndGlobal
